
Microsoft Visual Studio Solution File, Format Version 12.00
# Visual Studio 15
VisualStudioVersion = 15.0.28307.271
MinimumVisualStudioVersion = 10.0.40219.1
Project("{FAE04EC0-301F-11D3-BF4B-00C04F79EFBC}") = "Render", "src\Engine\Render\Render.csproj", "{86F490FF-4C8A-43C2-861B-1537BADAFF67}"
EndProject
Project("{FAE04EC0-301F-11D3-BF4B-00C04F79EFBC}") = "Cmd", "src\Engine\Cmd\Cmd.csproj", "{B9CDEED6-6630-49BC-B0CA-579BEB788218}"
	ProjectSection(ProjectDependencies) = postProject
		{04AB48BD-BFD2-4F7A-9C0B-9D80B21B791D} = {04AB48BD-BFD2-4F7A-9C0B-9D80B21B791D}
		{5E46DCF4-C473-4171-9F9B-F3910B5EC407} = {5E46DCF4-C473-4171-9F9B-F3910B5EC407}
	EndProjectSection
EndProject
Project("{FAE04EC0-301F-11D3-BF4B-00C04F79EFBC}") = "Core", "src\Engine\Core\Core.csproj", "{04AB48BD-BFD2-4F7A-9C0B-9D80B21B791D}"
	ProjectSection(ProjectDependencies) = postProject
		{5E46DCF4-C473-4171-9F9B-F3910B5EC407} = {5E46DCF4-C473-4171-9F9B-F3910B5EC407}
		{86F490FF-4C8A-43C2-861B-1537BADAFF67} = {86F490FF-4C8A-43C2-861B-1537BADAFF67}
	EndProjectSection
EndProject
Project("{FAE04EC0-301F-11D3-BF4B-00C04F79EFBC}") = "CSGL", "src\ThirdParty\CSGL\CSGL.csproj", "{E586E9FD-D737-4564-BA09-68D8B1042D49}"
EndProject
Project("{2150E333-8FDC-42A3-9474-1A3956D46DE8}") = "ThirdParty", "ThirdParty", "{D13BDDE2-BB17-42E4-8DE2-A6D95A92F8CC}"
EndProject
Project("{FAE04EC0-301F-11D3-BF4B-00C04F79EFBC}") = "GlmSharp", "src\ThirdParty\GlmSharp\GlmSharp.csproj", "{A5F19443-DD85-4398-AD24-A2B00C816771}"
EndProject
Project("{FAE04EC0-301F-11D3-BF4B-00C04F79EFBC}") = "INIFileParser", "src\ThirdParty\IniFileParser\INIFileParser.csproj", "{5E46DCF4-C473-4171-9F9B-F3910B5EC407}"
EndProject
Project("{2150E333-8FDC-42A3-9474-1A3956D46DE8}") = "Engine", "Engine", "{D8748CFD-7F9F-4D27-B954-3A5C15B53EF5}"
EndProject
Global
	GlobalSection(SolutionConfigurationPlatforms) = preSolution
		Debug|Any CPU = Debug|Any CPU
		Debug|x64 = Debug|x64
		Debug|x86 = Debug|x86
		Release|Any CPU = Release|Any CPU
		Release|x64 = Release|x64
		Release|x86 = Release|x86
	EndGlobalSection
	GlobalSection(ProjectConfigurationPlatforms) = postSolution
		{86F490FF-4C8A-43C2-861B-1537BADAFF67}.Debug|Any CPU.ActiveCfg = Debug|Any CPU
		{86F490FF-4C8A-43C2-861B-1537BADAFF67}.Debug|Any CPU.Build.0 = Debug|Any CPU
		{86F490FF-4C8A-43C2-861B-1537BADAFF67}.Debug|x64.ActiveCfg = Debug|x64
		{86F490FF-4C8A-43C2-861B-1537BADAFF67}.Debug|x64.Build.0 = Debug|x64
		{86F490FF-4C8A-43C2-861B-1537BADAFF67}.Debug|x86.ActiveCfg = Debug|Any CPU
		{86F490FF-4C8A-43C2-861B-1537BADAFF67}.Debug|x86.Build.0 = Debug|Any CPU
		{86F490FF-4C8A-43C2-861B-1537BADAFF67}.Release|Any CPU.ActiveCfg = Release|Any CPU
		{86F490FF-4C8A-43C2-861B-1537BADAFF67}.Release|Any CPU.Build.0 = Release|Any CPU
		{86F490FF-4C8A-43C2-861B-1537BADAFF67}.Release|x64.ActiveCfg = Release|Any CPU
		{86F490FF-4C8A-43C2-861B-1537BADAFF67}.Release|x64.Build.0 = Release|Any CPU
		{86F490FF-4C8A-43C2-861B-1537BADAFF67}.Release|x86.ActiveCfg = Release|Any CPU
		{86F490FF-4C8A-43C2-861B-1537BADAFF67}.Release|x86.Build.0 = Release|Any CPU
		{B9CDEED6-6630-49BC-B0CA-579BEB788218}.Debug|Any CPU.ActiveCfg = Debug|Any CPU
		{B9CDEED6-6630-49BC-B0CA-579BEB788218}.Debug|Any CPU.Build.0 = Debug|Any CPU
		{B9CDEED6-6630-49BC-B0CA-579BEB788218}.Debug|x64.ActiveCfg = Debug|x64
		{B9CDEED6-6630-49BC-B0CA-579BEB788218}.Debug|x64.Build.0 = Debug|x64
		{B9CDEED6-6630-49BC-B0CA-579BEB788218}.Debug|x86.ActiveCfg = Debug|Any CPU
		{B9CDEED6-6630-49BC-B0CA-579BEB788218}.Debug|x86.Build.0 = Debug|Any CPU
		{B9CDEED6-6630-49BC-B0CA-579BEB788218}.Release|Any CPU.ActiveCfg = Release|Any CPU
		{B9CDEED6-6630-49BC-B0CA-579BEB788218}.Release|Any CPU.Build.0 = Release|Any CPU
		{B9CDEED6-6630-49BC-B0CA-579BEB788218}.Release|x64.ActiveCfg = Release|Any CPU
		{B9CDEED6-6630-49BC-B0CA-579BEB788218}.Release|x64.Build.0 = Release|Any CPU
		{B9CDEED6-6630-49BC-B0CA-579BEB788218}.Release|x86.ActiveCfg = Release|Any CPU
		{B9CDEED6-6630-49BC-B0CA-579BEB788218}.Release|x86.Build.0 = Release|Any CPU
		{04AB48BD-BFD2-4F7A-9C0B-9D80B21B791D}.Debug|Any CPU.ActiveCfg = Debug|Any CPU
		{04AB48BD-BFD2-4F7A-9C0B-9D80B21B791D}.Debug|Any CPU.Build.0 = Debug|Any CPU
		{04AB48BD-BFD2-4F7A-9C0B-9D80B21B791D}.Debug|x64.ActiveCfg = Debug|x64
		{04AB48BD-BFD2-4F7A-9C0B-9D80B21B791D}.Debug|x64.Build.0 = Debug|x64
		{04AB48BD-BFD2-4F7A-9C0B-9D80B21B791D}.Debug|x86.ActiveCfg = Debug|Any CPU
		{04AB48BD-BFD2-4F7A-9C0B-9D80B21B791D}.Debug|x86.Build.0 = Debug|Any CPU
		{04AB48BD-BFD2-4F7A-9C0B-9D80B21B791D}.Release|Any CPU.ActiveCfg = Release|Any CPU
		{04AB48BD-BFD2-4F7A-9C0B-9D80B21B791D}.Release|Any CPU.Build.0 = Release|Any CPU
		{04AB48BD-BFD2-4F7A-9C0B-9D80B21B791D}.Release|x64.ActiveCfg = Release|Any CPU
		{04AB48BD-BFD2-4F7A-9C0B-9D80B21B791D}.Release|x64.Build.0 = Release|Any CPU
		{04AB48BD-BFD2-4F7A-9C0B-9D80B21B791D}.Release|x86.ActiveCfg = Release|Any CPU
		{04AB48BD-BFD2-4F7A-9C0B-9D80B21B791D}.Release|x86.Build.0 = Release|Any CPU
		{E586E9FD-D737-4564-BA09-68D8B1042D49}.Debug|Any CPU.ActiveCfg = Debug|Any CPU
		{E586E9FD-D737-4564-BA09-68D8B1042D49}.Debug|Any CPU.Build.0 = Debug|Any CPU
		{E586E9FD-D737-4564-BA09-68D8B1042D49}.Debug|x64.ActiveCfg = Debug|x64
		{E586E9FD-D737-4564-BA09-68D8B1042D49}.Debug|x64.Build.0 = Debug|x64
		{E586E9FD-D737-4564-BA09-68D8B1042D49}.Debug|x86.ActiveCfg = Debug|Any CPU
		{E586E9FD-D737-4564-BA09-68D8B1042D49}.Debug|x86.Build.0 = Debug|Any CPU
		{E586E9FD-D737-4564-BA09-68D8B1042D49}.Release|Any CPU.ActiveCfg = Release|Any CPU
		{E586E9FD-D737-4564-BA09-68D8B1042D49}.Release|Any CPU.Build.0 = Release|Any CPU
		{E586E9FD-D737-4564-BA09-68D8B1042D49}.Release|x64.ActiveCfg = Release|x64
		{E586E9FD-D737-4564-BA09-68D8B1042D49}.Release|x64.Build.0 = Release|x64
		{E586E9FD-D737-4564-BA09-68D8B1042D49}.Release|x86.ActiveCfg = Release|x86
		{E586E9FD-D737-4564-BA09-68D8B1042D49}.Release|x86.Build.0 = Release|x86
		{A5F19443-DD85-4398-AD24-A2B00C816771}.Debug|Any CPU.ActiveCfg = Debug|Any CPU
		{A5F19443-DD85-4398-AD24-A2B00C816771}.Debug|Any CPU.Build.0 = Debug|Any CPU
		{A5F19443-DD85-4398-AD24-A2B00C816771}.Debug|x64.ActiveCfg = Debug|x64
		{A5F19443-DD85-4398-AD24-A2B00C816771}.Debug|x64.Build.0 = Debug|x64
		{A5F19443-DD85-4398-AD24-A2B00C816771}.Debug|x86.ActiveCfg = Debug|Any CPU
		{A5F19443-DD85-4398-AD24-A2B00C816771}.Debug|x86.Build.0 = Debug|Any CPU
		{A5F19443-DD85-4398-AD24-A2B00C816771}.Release|Any CPU.ActiveCfg = Release|Any CPU
		{A5F19443-DD85-4398-AD24-A2B00C816771}.Release|Any CPU.Build.0 = Release|Any CPU
		{A5F19443-DD85-4398-AD24-A2B00C816771}.Release|x64.ActiveCfg = Release|x64
		{A5F19443-DD85-4398-AD24-A2B00C816771}.Release|x64.Build.0 = Release|x64
		{A5F19443-DD85-4398-AD24-A2B00C816771}.Release|x86.ActiveCfg = Release|x86
		{A5F19443-DD85-4398-AD24-A2B00C816771}.Release|x86.Build.0 = Release|x86
		{5E46DCF4-C473-4171-9F9B-F3910B5EC407}.Debug|Any CPU.ActiveCfg = Debug|Any CPU
		{5E46DCF4-C473-4171-9F9B-F3910B5EC407}.Debug|Any CPU.Build.0 = Debug|Any CPU
		{5E46DCF4-C473-4171-9F9B-F3910B5EC407}.Debug|x64.ActiveCfg = Debug|x64
		{5E46DCF4-C473-4171-9F9B-F3910B5EC407}.Debug|x64.Build.0 = Debug|x64
		{5E46DCF4-C473-4171-9F9B-F3910B5EC407}.Debug|x86.ActiveCfg = Debug|Any CPU
		{5E46DCF4-C473-4171-9F9B-F3910B5EC407}.Debug|x86.Build.0 = Debug|Any CPU
		{5E46DCF4-C473-4171-9F9B-F3910B5EC407}.Release|Any CPU.ActiveCfg = Release|Any CPU
		{5E46DCF4-C473-4171-9F9B-F3910B5EC407}.Release|Any CPU.Build.0 = Release|Any CPU
		{5E46DCF4-C473-4171-9F9B-F3910B5EC407}.Release|x64.ActiveCfg = Release|x64
		{5E46DCF4-C473-4171-9F9B-F3910B5EC407}.Release|x64.Build.0 = Release|x64
		{5E46DCF4-C473-4171-9F9B-F3910B5EC407}.Release|x86.ActiveCfg = Release|x86
		{5E46DCF4-C473-4171-9F9B-F3910B5EC407}.Release|x86.Build.0 = Release|x86
	EndGlobalSection
	GlobalSection(SolutionProperties) = preSolution
		HideSolutionNode = FALSE
	EndGlobalSection
	GlobalSection(NestedProjects) = preSolution
		{86F490FF-4C8A-43C2-861B-1537BADAFF67} = {D8748CFD-7F9F-4D27-B954-3A5C15B53EF5}
		{B9CDEED6-6630-49BC-B0CA-579BEB788218} = {D8748CFD-7F9F-4D27-B954-3A5C15B53EF5}
		{04AB48BD-BFD2-4F7A-9C0B-9D80B21B791D} = {D8748CFD-7F9F-4D27-B954-3A5C15B53EF5}
		{E586E9FD-D737-4564-BA09-68D8B1042D49} = {D13BDDE2-BB17-42E4-8DE2-A6D95A92F8CC}
		{A5F19443-DD85-4398-AD24-A2B00C816771} = {D13BDDE2-BB17-42E4-8DE2-A6D95A92F8CC}
		{5E46DCF4-C473-4171-9F9B-F3910B5EC407} = {D13BDDE2-BB17-42E4-8DE2-A6D95A92F8CC}
	EndGlobalSection
	GlobalSection(ExtensibilityGlobals) = postSolution
		SolutionGuid = {09EA697D-BFE2-4E23-B943-0B3D92C57E2F}
	EndGlobalSection
EndGlobal
